// !$*UTF8*$!
{
	archiveVersion = 1;
	classes = {
	};
	objectVersion = 50;
	objects = {

/* Begin PBXBuildFile section */
		4519593924C7F5AA002F79B0 /* DrawingApp.swift in Sources */ = {isa = PBXBuildFile; fileRef = 4519592624C7F5A9002F79B0 /* DrawingApp.swift */; };
		4519593A24C7F5AA002F79B0 /* DrawingApp.swift in Sources */ = {isa = PBXBuildFile; fileRef = 4519592624C7F5A9002F79B0 /* DrawingApp.swift */; };
		4519593B24C7F5AA002F79B0 /* DrawingView.swift in Sources */ = {isa = PBXBuildFile; fileRef = 4519592724C7F5A9002F79B0 /* DrawingView.swift */; };
		4519593C24C7F5AA002F79B0 /* DrawingView.swift in Sources */ = {isa = PBXBuildFile; fileRef = 4519592724C7F5A9002F79B0 /* DrawingView.swift */; };
		4519593D24C7F5AA002F79B0 /* Assets.xcassets in Resources */ = {isa = PBXBuildFile; fileRef = 4519592824C7F5AA002F79B0 /* Assets.xcassets */; };
		4519593E24C7F5AA002F79B0 /* Assets.xcassets in Resources */ = {isa = PBXBuildFile; fileRef = 4519592824C7F5AA002F79B0 /* Assets.xcassets */; };
		4519594824C7F787002F79B0 /* LayerObjectView.swift in Sources */ = {isa = PBXBuildFile; fileRef = 4519594724C7F787002F79B0 /* LayerObjectView.swift */; };
		4519594924C7F787002F79B0 /* LayerObjectView.swift in Sources */ = {isa = PBXBuildFile; fileRef = 4519594724C7F787002F79B0 /* LayerObjectView.swift */; };
		453DB4A724C8D60800620494 /* PixelObjectView.swift in Sources */ = {isa = PBXBuildFile; fileRef = 453DB4A624C8D60800620494 /* PixelObjectView.swift */; };
		453DB4A824C8D60800620494 /* PixelObjectView.swift in Sources */ = {isa = PBXBuildFile; fileRef = 453DB4A624C8D60800620494 /* PixelObjectView.swift */; };
		453DB4AA24C8DC7B00620494 /* Array+Chunk.swift in Sources */ = {isa = PBXBuildFile; fileRef = 453DB4A924C8DC7B00620494 /* Array+Chunk.swift */; };
		453DB4AB24C8DC7B00620494 /* Array+Chunk.swift in Sources */ = {isa = PBXBuildFile; fileRef = 453DB4A924C8DC7B00620494 /* Array+Chunk.swift */; };
		4596688A24C9523A008C4D0F /* CanvasObjectView.swift in Sources */ = {isa = PBXBuildFile; fileRef = 4596688924C9523A008C4D0F /* CanvasObjectView.swift */; };
		4596688B24C9523A008C4D0F /* CanvasObjectView.swift in Sources */ = {isa = PBXBuildFile; fileRef = 4596688924C9523A008C4D0F /* CanvasObjectView.swift */; };
		4596688D24C95CD1008C4D0F /* PixelsObject.swift in Sources */ = {isa = PBXBuildFile; fileRef = 4596688C24C95CD1008C4D0F /* PixelsObject.swift */; };
		4596688E24C95CD1008C4D0F /* PixelsObject.swift in Sources */ = {isa = PBXBuildFile; fileRef = 4596688C24C95CD1008C4D0F /* PixelsObject.swift */; };
		45BB25BB24CCDD18001239C7 /* Pixel.swift in Sources */ = {isa = PBXBuildFile; fileRef = 45BB25BA24CCDD18001239C7 /* Pixel.swift */; };
		45BB25BC24CCDD1B001239C7 /* Pixel.swift in Sources */ = {isa = PBXBuildFile; fileRef = 45BB25BA24CCDD18001239C7 /* Pixel.swift */; };
		45BB25BE24CCDD59001239C7 /* CanvasView.swift in Sources */ = {isa = PBXBuildFile; fileRef = 45BB25BD24CCDD59001239C7 /* CanvasView.swift */; };
		45BB25BF24CCDD59001239C7 /* CanvasView.swift in Sources */ = {isa = PBXBuildFile; fileRef = 45BB25BD24CCDD59001239C7 /* CanvasView.swift */; };
		45BB25C124CCDF87001239C7 /* LayerView.swift in Sources */ = {isa = PBXBuildFile; fileRef = 45BB25C024CCDF87001239C7 /* LayerView.swift */; };
		45BB25C224CCDF87001239C7 /* LayerView.swift in Sources */ = {isa = PBXBuildFile; fileRef = 45BB25C024CCDF87001239C7 /* LayerView.swift */; };
		45BB25C424CCE0B9001239C7 /* PixelView.swift in Sources */ = {isa = PBXBuildFile; fileRef = 45BB25C324CCE0B9001239C7 /* PixelView.swift */; };
		45BB25C524CCE0B9001239C7 /* PixelView.swift in Sources */ = {isa = PBXBuildFile; fileRef = 45BB25C324CCE0B9001239C7 /* PixelView.swift */; };
		45BB25C724CCE4A3001239C7 /* Pixels.swift in Sources */ = {isa = PBXBuildFile; fileRef = 45BB25C624CCE4A3001239C7 /* Pixels.swift */; };
		45BB25C824CCE4A3001239C7 /* Pixels.swift in Sources */ = {isa = PBXBuildFile; fileRef = 45BB25C624CCE4A3001239C7 /* Pixels.swift */; };
		45FDE77824C8DF8B002E8F63 /* PixelObject.swift in Sources */ = {isa = PBXBuildFile; fileRef = 45FDE77724C8DF8B002E8F63 /* PixelObject.swift */; };
		45FDE77924C8DF8B002E8F63 /* PixelObject.swift in Sources */ = {isa = PBXBuildFile; fileRef = 45FDE77724C8DF8B002E8F63 /* PixelObject.swift */; };
/* End PBXBuildFile section */

/* Begin PBXFileReference section */
		4519592624C7F5A9002F79B0 /* DrawingApp.swift */ = {isa = PBXFileReference; lastKnownFileType = sourcecode.swift; path = DrawingApp.swift; sourceTree = "<group>"; };
		4519592724C7F5A9002F79B0 /* DrawingView.swift */ = {isa = PBXFileReference; lastKnownFileType = sourcecode.swift; path = DrawingView.swift; sourceTree = "<group>"; };
		4519592824C7F5AA002F79B0 /* Assets.xcassets */ = {isa = PBXFileReference; lastKnownFileType = folder.assetcatalog; path = Assets.xcassets; sourceTree = "<group>"; };
		4519592D24C7F5AA002F79B0 /* Drawing.app */ = {isa = PBXFileReference; explicitFileType = wrapper.application; includeInIndex = 0; path = Drawing.app; sourceTree = BUILT_PRODUCTS_DIR; };
		4519593024C7F5AA002F79B0 /* Info.plist */ = {isa = PBXFileReference; lastKnownFileType = text.plist.xml; path = Info.plist; sourceTree = "<group>"; };
		4519593524C7F5AA002F79B0 /* Drawing.app */ = {isa = PBXFileReference; explicitFileType = wrapper.application; includeInIndex = 0; path = Drawing.app; sourceTree = BUILT_PRODUCTS_DIR; };
		4519593724C7F5AA002F79B0 /* Info.plist */ = {isa = PBXFileReference; lastKnownFileType = text.plist.xml; path = Info.plist; sourceTree = "<group>"; };
		4519593824C7F5AA002F79B0 /* macOS.entitlements */ = {isa = PBXFileReference; lastKnownFileType = text.plist.entitlements; path = macOS.entitlements; sourceTree = "<group>"; };
		4519594724C7F787002F79B0 /* LayerObjectView.swift */ = {isa = PBXFileReference; lastKnownFileType = sourcecode.swift; path = LayerObjectView.swift; sourceTree = "<group>"; };
		452690B124C9F3BA00729420 /* README.md */ = {isa = PBXFileReference; lastKnownFileType = net.daringfireball.markdown; path = README.md; sourceTree = SOURCE_ROOT; };
		453DB4A624C8D60800620494 /* PixelObjectView.swift */ = {isa = PBXFileReference; lastKnownFileType = sourcecode.swift; path = PixelObjectView.swift; sourceTree = "<group>"; };
		453DB4A924C8DC7B00620494 /* Array+Chunk.swift */ = {isa = PBXFileReference; lastKnownFileType = sourcecode.swift; path = "Array+Chunk.swift"; sourceTree = "<group>"; };
		4596688924C9523A008C4D0F /* CanvasObjectView.swift */ = {isa = PBXFileReference; lastKnownFileType = sourcecode.swift; path = CanvasObjectView.swift; sourceTree = "<group>"; };
		4596688C24C95CD1008C4D0F /* PixelsObject.swift */ = {isa = PBXFileReference; lastKnownFileType = sourcecode.swift; path = PixelsObject.swift; sourceTree = "<group>"; };
		45BB25BA24CCDD18001239C7 /* Pixel.swift */ = {isa = PBXFileReference; lastKnownFileType = sourcecode.swift; path = Pixel.swift; sourceTree = "<group>"; };
		45BB25BD24CCDD59001239C7 /* CanvasView.swift */ = {isa = PBXFileReference; lastKnownFileType = sourcecode.swift; path = CanvasView.swift; sourceTree = "<group>"; };
		45BB25C024CCDF87001239C7 /* LayerView.swift */ = {isa = PBXFileReference; lastKnownFileType = sourcecode.swift; path = LayerView.swift; sourceTree = "<group>"; };
		45BB25C324CCE0B9001239C7 /* PixelView.swift */ = {isa = PBXFileReference; fileEncoding = 4; lastKnownFileType = sourcecode.swift; path = PixelView.swift; sourceTree = "<group>"; };
		45BB25C624CCE4A3001239C7 /* Pixels.swift */ = {isa = PBXFileReference; lastKnownFileType = sourcecode.swift; path = Pixels.swift; sourceTree = "<group>"; };
		45FDE77724C8DF8B002E8F63 /* PixelObject.swift */ = {isa = PBXFileReference; lastKnownFileType = sourcecode.swift; path = PixelObject.swift; sourceTree = "<group>"; };
/* End PBXFileReference section */

/* Begin PBXFrameworksBuildPhase section */
		4519592A24C7F5AA002F79B0 /* Frameworks */ = {
			isa = PBXFrameworksBuildPhase;
			buildActionMask = 2147483647;
			files = (
			);
			runOnlyForDeploymentPostprocessing = 0;
		};
		4519593224C7F5AA002F79B0 /* Frameworks */ = {
			isa = PBXFrameworksBuildPhase;
			buildActionMask = 2147483647;
			files = (
			);
			runOnlyForDeploymentPostprocessing = 0;
		};
/* End PBXFrameworksBuildPhase section */

/* Begin PBXGroup section */
		4519592024C7F5A9002F79B0 = {
			isa = PBXGroup;
			children = (
				4519592524C7F5A9002F79B0 /* Shared */,
				4519592F24C7F5AA002F79B0 /* iOS */,
				4519593624C7F5AA002F79B0 /* macOS */,
				4519592E24C7F5AA002F79B0 /* Products */,
			);
			sourceTree = "<group>";
		};
		4519592524C7F5A9002F79B0 /* Shared */ = {
			isa = PBXGroup;
			children = (
				4519592624C7F5A9002F79B0 /* DrawingApp.swift */,
				45BB25B724CCDCD5001239C7 /* Extensions */,
				4519594C24C7FAFA002F79B0 /* Objects */,
				45BB25B824CCDCEF001239C7 /* Structs */,
				4519594A24C7F792002F79B0 /* Supporting Files */,
				4519594B24C7F7D4002F79B0 /* Views */,
			);
			path = Shared;
			sourceTree = "<group>";
		};
		4519592E24C7F5AA002F79B0 /* Products */ = {
			isa = PBXGroup;
			children = (
				4519592D24C7F5AA002F79B0 /* Drawing.app */,
				4519593524C7F5AA002F79B0 /* Drawing.app */,
			);
			name = Products;
			sourceTree = "<group>";
		};
		4519592F24C7F5AA002F79B0 /* iOS */ = {
			isa = PBXGroup;
			children = (
				4519593024C7F5AA002F79B0 /* Info.plist */,
			);
			path = iOS;
			sourceTree = "<group>";
		};
		4519593624C7F5AA002F79B0 /* macOS */ = {
			isa = PBXGroup;
			children = (
				4519593724C7F5AA002F79B0 /* Info.plist */,
				4519593824C7F5AA002F79B0 /* macOS.entitlements */,
			);
			path = macOS;
			sourceTree = "<group>";
		};
		4519594A24C7F792002F79B0 /* Supporting Files */ = {
			isa = PBXGroup;
			children = (
				452690B124C9F3BA00729420 /* README.md */,
				4519592824C7F5AA002F79B0 /* Assets.xcassets */,
			);
			name = "Supporting Files";
			sourceTree = "<group>";
		};
		4519594B24C7F7D4002F79B0 /* Views */ = {
			isa = PBXGroup;
			children = (
				4596688824C93330008C4D0F /* CanvasObject */,
				45BB25B924CCDCFF001239C7 /* Canvas */,
				4519592724C7F5A9002F79B0 /* DrawingView.swift */,
			);
			name = Views;
			sourceTree = "<group>";
		};
		4519594C24C7FAFA002F79B0 /* Objects */ = {
			isa = PBXGroup;
			children = (
				45FDE77724C8DF8B002E8F63 /* PixelObject.swift */,
				4596688C24C95CD1008C4D0F /* PixelsObject.swift */,
			);
			name = Objects;
			sourceTree = "<group>";
		};
		4596688824C93330008C4D0F /* CanvasObject */ = {
			isa = PBXGroup;
			children = (
				4596688924C9523A008C4D0F /* CanvasObjectView.swift */,
				4519594724C7F787002F79B0 /* LayerObjectView.swift */,
				453DB4A624C8D60800620494 /* PixelObjectView.swift */,
			);
			name = CanvasObject;
			sourceTree = "<group>";
		};
		45BB25B724CCDCD5001239C7 /* Extensions */ = {
			isa = PBXGroup;
			children = (
				453DB4A924C8DC7B00620494 /* Array+Chunk.swift */,
			);
			name = Extensions;
			sourceTree = "<group>";
		};
		45BB25B824CCDCEF001239C7 /* Structs */ = {
			isa = PBXGroup;
			children = (
				45BB25BA24CCDD18001239C7 /* Pixel.swift */,
				45BB25C624CCE4A3001239C7 /* Pixels.swift */,
			);
			name = Structs;
			sourceTree = "<group>";
		};
		45BB25B924CCDCFF001239C7 /* Canvas */ = {
			isa = PBXGroup;
			children = (
				45BB25BD24CCDD59001239C7 /* CanvasView.swift */,
				45BB25C024CCDF87001239C7 /* LayerView.swift */,
				45BB25C324CCE0B9001239C7 /* PixelView.swift */,
			);
			name = Canvas;
			sourceTree = "<group>";
		};
/* End PBXGroup section */

/* Begin PBXNativeTarget section */
		4519592C24C7F5AA002F79B0 /* Drawing (iOS) */ = {
			isa = PBXNativeTarget;
			buildConfigurationList = 4519594124C7F5AA002F79B0 /* Build configuration list for PBXNativeTarget "Drawing (iOS)" */;
			buildPhases = (
				4519592924C7F5AA002F79B0 /* Sources */,
				4519592A24C7F5AA002F79B0 /* Frameworks */,
				4519592B24C7F5AA002F79B0 /* Resources */,
			);
			buildRules = (
			);
			dependencies = (
			);
			name = "Drawing (iOS)";
			productName = "Drawing (iOS)";
			productReference = 4519592D24C7F5AA002F79B0 /* Drawing.app */;
			productType = "com.apple.product-type.application";
		};
		4519593424C7F5AA002F79B0 /* Drawing (macOS) */ = {
			isa = PBXNativeTarget;
			buildConfigurationList = 4519594424C7F5AA002F79B0 /* Build configuration list for PBXNativeTarget "Drawing (macOS)" */;
			buildPhases = (
				4519593124C7F5AA002F79B0 /* Sources */,
				4519593224C7F5AA002F79B0 /* Frameworks */,
				4519593324C7F5AA002F79B0 /* Resources */,
			);
			buildRules = (
			);
			dependencies = (
			);
			name = "Drawing (macOS)";
			productName = "Drawing (macOS)";
			productReference = 4519593524C7F5AA002F79B0 /* Drawing.app */;
			productType = "com.apple.product-type.application";
		};
/* End PBXNativeTarget section */

/* Begin PBXProject section */
		4519592124C7F5A9002F79B0 /* Project object */ = {
			isa = PBXProject;
			attributes = {
				LastSwiftUpdateCheck = 1200;
				LastUpgradeCheck = 1200;
				TargetAttributes = {
					4519592C24C7F5AA002F79B0 = {
						CreatedOnToolsVersion = 12.0;
					};
					4519593424C7F5AA002F79B0 = {
						CreatedOnToolsVersion = 12.0;
					};
				};
			};
			buildConfigurationList = 4519592424C7F5A9002F79B0 /* Build configuration list for PBXProject "Drawing" */;
			compatibilityVersion = "Xcode 9.3";
			developmentRegion = en;
			hasScannedForEncodings = 0;
			knownRegions = (
				en,
				Base,
			);
			mainGroup = 4519592024C7F5A9002F79B0;
			productRefGroup = 4519592E24C7F5AA002F79B0 /* Products */;
			projectDirPath = "";
			projectRoot = "";
			targets = (
				4519592C24C7F5AA002F79B0 /* Drawing (iOS) */,
				4519593424C7F5AA002F79B0 /* Drawing (macOS) */,
			);
		};
/* End PBXProject section */

/* Begin PBXResourcesBuildPhase section */
		4519592B24C7F5AA002F79B0 /* Resources */ = {
			isa = PBXResourcesBuildPhase;
			buildActionMask = 2147483647;
			files = (
				4519593D24C7F5AA002F79B0 /* Assets.xcassets in Resources */,
			);
			runOnlyForDeploymentPostprocessing = 0;
		};
		4519593324C7F5AA002F79B0 /* Resources */ = {
			isa = PBXResourcesBuildPhase;
			buildActionMask = 2147483647;
			files = (
				4519593E24C7F5AA002F79B0 /* Assets.xcassets in Resources */,
			);
			runOnlyForDeploymentPostprocessing = 0;
		};
/* End PBXResourcesBuildPhase section */

/* Begin PBXSourcesBuildPhase section */
		4519592924C7F5AA002F79B0 /* Sources */ = {
			isa = PBXSourcesBuildPhase;
			buildActionMask = 2147483647;
			files = (
				45FDE77824C8DF8B002E8F63 /* PixelObject.swift in Sources */,
				4596688A24C9523A008C4D0F /* CanvasObjectView.swift in Sources */,
				45BB25C724CCE4A3001239C7 /* Pixels.swift in Sources */,
				4519593B24C7F5AA002F79B0 /* DrawingView.swift in Sources */,
				45BB25BE24CCDD59001239C7 /* CanvasView.swift in Sources */,
				453DB4AA24C8DC7B00620494 /* Array+Chunk.swift in Sources */,
				45BB25BB24CCDD18001239C7 /* Pixel.swift in Sources */,
				4596688D24C95CD1008C4D0F /* PixelsObject.swift in Sources */,
				45BB25C424CCE0B9001239C7 /* PixelView.swift in Sources */,
				4519593924C7F5AA002F79B0 /* DrawingApp.swift in Sources */,
				453DB4A724C8D60800620494 /* PixelObjectView.swift in Sources */,
				45BB25C124CCDF87001239C7 /* LayerView.swift in Sources */,
				4519594824C7F787002F79B0 /* LayerObjectView.swift in Sources */,
			);
			runOnlyForDeploymentPostprocessing = 0;
		};
		4519593124C7F5AA002F79B0 /* Sources */ = {
			isa = PBXSourcesBuildPhase;
			buildActionMask = 2147483647;
			files = (
				45FDE77924C8DF8B002E8F63 /* PixelObject.swift in Sources */,
				4596688B24C9523A008C4D0F /* CanvasObjectView.swift in Sources */,
				45BB25C824CCE4A3001239C7 /* Pixels.swift in Sources */,
				4519593C24C7F5AA002F79B0 /* DrawingView.swift in Sources */,
				45BB25BF24CCDD59001239C7 /* CanvasView.swift in Sources */,
				453DB4AB24C8DC7B00620494 /* Array+Chunk.swift in Sources */,
				45BB25BC24CCDD1B001239C7 /* Pixel.swift in Sources */,
				4596688E24C95CD1008C4D0F /* PixelsObject.swift in Sources */,
				45BB25C524CCE0B9001239C7 /* PixelView.swift in Sources */,
				4519593A24C7F5AA002F79B0 /* DrawingApp.swift in Sources */,
				453DB4A824C8D60800620494 /* PixelObjectView.swift in Sources */,
				45BB25C224CCDF87001239C7 /* LayerView.swift in Sources */,
				4519594924C7F787002F79B0 /* LayerObjectView.swift in Sources */,
			);
			runOnlyForDeploymentPostprocessing = 0;
		};
/* End PBXSourcesBuildPhase section */

/* Begin XCBuildConfiguration section */
		4519593F24C7F5AA002F79B0 /* Debug */ = {
			isa = XCBuildConfiguration;
			buildSettings = {
				ALWAYS_SEARCH_USER_PATHS = NO;
				CLANG_ANALYZER_NONNULL = YES;
				CLANG_ANALYZER_NUMBER_OBJECT_CONVERSION = YES_AGGRESSIVE;
				CLANG_CXX_LANGUAGE_STANDARD = "gnu++14";
				CLANG_CXX_LIBRARY = "libc++";
				CLANG_ENABLE_MODULES = YES;
				CLANG_ENABLE_OBJC_ARC = YES;
				CLANG_ENABLE_OBJC_WEAK = YES;
				CLANG_WARN_BLOCK_CAPTURE_AUTORELEASING = YES;
				CLANG_WARN_BOOL_CONVERSION = YES;
				CLANG_WARN_COMMA = YES;
				CLANG_WARN_CONSTANT_CONVERSION = YES;
				CLANG_WARN_DEPRECATED_OBJC_IMPLEMENTATIONS = YES;
				CLANG_WARN_DIRECT_OBJC_ISA_USAGE = YES_ERROR;
				CLANG_WARN_DOCUMENTATION_COMMENTS = YES;
				CLANG_WARN_EMPTY_BODY = YES;
				CLANG_WARN_ENUM_CONVERSION = YES;
				CLANG_WARN_INFINITE_RECURSION = YES;
				CLANG_WARN_INT_CONVERSION = YES;
				CLANG_WARN_NON_LITERAL_NULL_CONVERSION = YES;
				CLANG_WARN_OBJC_IMPLICIT_RETAIN_SELF = YES;
				CLANG_WARN_OBJC_LITERAL_CONVERSION = YES;
				CLANG_WARN_OBJC_ROOT_CLASS = YES_ERROR;
				CLANG_WARN_QUOTED_INCLUDE_IN_FRAMEWORK_HEADER = YES;
				CLANG_WARN_RANGE_LOOP_ANALYSIS = YES;
				CLANG_WARN_STRICT_PROTOTYPES = YES;
				CLANG_WARN_SUSPICIOUS_MOVE = YES;
				CLANG_WARN_UNGUARDED_AVAILABILITY = YES_AGGRESSIVE;
				CLANG_WARN_UNREACHABLE_CODE = YES;
				CLANG_WARN__DUPLICATE_METHOD_MATCH = YES;
				COPY_PHASE_STRIP = NO;
				DEBUG_INFORMATION_FORMAT = dwarf;
				ENABLE_STRICT_OBJC_MSGSEND = YES;
				ENABLE_TESTABILITY = YES;
				GCC_C_LANGUAGE_STANDARD = gnu11;
				GCC_DYNAMIC_NO_PIC = NO;
				GCC_NO_COMMON_BLOCKS = YES;
				GCC_OPTIMIZATION_LEVEL = 0;
				GCC_PREPROCESSOR_DEFINITIONS = (
					"DEBUG=1",
					"$(inherited)",
				);
				GCC_WARN_64_TO_32_BIT_CONVERSION = YES;
				GCC_WARN_ABOUT_RETURN_TYPE = YES_ERROR;
				GCC_WARN_UNDECLARED_SELECTOR = YES;
				GCC_WARN_UNINITIALIZED_AUTOS = YES_AGGRESSIVE;
				GCC_WARN_UNUSED_FUNCTION = YES;
				GCC_WARN_UNUSED_VARIABLE = YES;
				MTL_ENABLE_DEBUG_INFO = INCLUDE_SOURCE;
				MTL_FAST_MATH = YES;
				ONLY_ACTIVE_ARCH = YES;
				SWIFT_ACTIVE_COMPILATION_CONDITIONS = DEBUG;
				SWIFT_OPTIMIZATION_LEVEL = "-Onone";
			};
			name = Debug;
		};
		4519594024C7F5AA002F79B0 /* Release */ = {
			isa = XCBuildConfiguration;
			buildSettings = {
				ALWAYS_SEARCH_USER_PATHS = NO;
				CLANG_ANALYZER_NONNULL = YES;
				CLANG_ANALYZER_NUMBER_OBJECT_CONVERSION = YES_AGGRESSIVE;
				CLANG_CXX_LANGUAGE_STANDARD = "gnu++14";
				CLANG_CXX_LIBRARY = "libc++";
				CLANG_ENABLE_MODULES = YES;
				CLANG_ENABLE_OBJC_ARC = YES;
				CLANG_ENABLE_OBJC_WEAK = YES;
				CLANG_WARN_BLOCK_CAPTURE_AUTORELEASING = YES;
				CLANG_WARN_BOOL_CONVERSION = YES;
				CLANG_WARN_COMMA = YES;
				CLANG_WARN_CONSTANT_CONVERSION = YES;
				CLANG_WARN_DEPRECATED_OBJC_IMPLEMENTATIONS = YES;
				CLANG_WARN_DIRECT_OBJC_ISA_USAGE = YES_ERROR;
				CLANG_WARN_DOCUMENTATION_COMMENTS = YES;
				CLANG_WARN_EMPTY_BODY = YES;
				CLANG_WARN_ENUM_CONVERSION = YES;
				CLANG_WARN_INFINITE_RECURSION = YES;
				CLANG_WARN_INT_CONVERSION = YES;
				CLANG_WARN_NON_LITERAL_NULL_CONVERSION = YES;
				CLANG_WARN_OBJC_IMPLICIT_RETAIN_SELF = YES;
				CLANG_WARN_OBJC_LITERAL_CONVERSION = YES;
				CLANG_WARN_OBJC_ROOT_CLASS = YES_ERROR;
				CLANG_WARN_QUOTED_INCLUDE_IN_FRAMEWORK_HEADER = YES;
				CLANG_WARN_RANGE_LOOP_ANALYSIS = YES;
				CLANG_WARN_STRICT_PROTOTYPES = YES;
				CLANG_WARN_SUSPICIOUS_MOVE = YES;
				CLANG_WARN_UNGUARDED_AVAILABILITY = YES_AGGRESSIVE;
				CLANG_WARN_UNREACHABLE_CODE = YES;
				CLANG_WARN__DUPLICATE_METHOD_MATCH = YES;
				COPY_PHASE_STRIP = NO;
				DEBUG_INFORMATION_FORMAT = "dwarf-with-dsym";
				ENABLE_NS_ASSERTIONS = NO;
				ENABLE_STRICT_OBJC_MSGSEND = YES;
				GCC_C_LANGUAGE_STANDARD = gnu11;
				GCC_NO_COMMON_BLOCKS = YES;
				GCC_WARN_64_TO_32_BIT_CONVERSION = YES;
				GCC_WARN_ABOUT_RETURN_TYPE = YES_ERROR;
				GCC_WARN_UNDECLARED_SELECTOR = YES;
				GCC_WARN_UNINITIALIZED_AUTOS = YES_AGGRESSIVE;
				GCC_WARN_UNUSED_FUNCTION = YES;
				GCC_WARN_UNUSED_VARIABLE = YES;
				MTL_ENABLE_DEBUG_INFO = NO;
				MTL_FAST_MATH = YES;
				SWIFT_COMPILATION_MODE = wholemodule;
				SWIFT_OPTIMIZATION_LEVEL = "-O";
			};
			name = Release;
		};
		4519594224C7F5AA002F79B0 /* Debug */ = {
			isa = XCBuildConfiguration;
			buildSettings = {
				ASSETCATALOG_COMPILER_APPICON_NAME = AppIcon;
				ASSETCATALOG_COMPILER_GLOBAL_ACCENT_COLOR_NAME = AccentColor;
				CODE_SIGN_STYLE = Automatic;
				DEVELOPMENT_TEAM = 6J8NCZC8G6;
				ENABLE_PREVIEWS = YES;
				INFOPLIST_FILE = iOS/Info.plist;
				IPHONEOS_DEPLOYMENT_TARGET = 14.0;
				LD_RUNPATH_SEARCH_PATHS = (
					"$(inherited)",
					"@executable_path/Frameworks",
				);
				MARKETING_VERSION = 1.0.0;
				PRODUCT_BUNDLE_IDENTIFIER = com.infinitetoken.Drawing;
				PRODUCT_NAME = Drawing;
				SDKROOT = iphoneos;
				SWIFT_VERSION = 5.0;
				TARGETED_DEVICE_FAMILY = "1,2";
			};
			name = Debug;
		};
		4519594324C7F5AA002F79B0 /* Release */ = {
			isa = XCBuildConfiguration;
			buildSettings = {
				ASSETCATALOG_COMPILER_APPICON_NAME = AppIcon;
				ASSETCATALOG_COMPILER_GLOBAL_ACCENT_COLOR_NAME = AccentColor;
				CODE_SIGN_STYLE = Automatic;
				DEVELOPMENT_TEAM = 6J8NCZC8G6;
				ENABLE_PREVIEWS = YES;
				INFOPLIST_FILE = iOS/Info.plist;
				IPHONEOS_DEPLOYMENT_TARGET = 14.0;
				LD_RUNPATH_SEARCH_PATHS = (
					"$(inherited)",
					"@executable_path/Frameworks",
				);
				MARKETING_VERSION = 1.0.0;
				PRODUCT_BUNDLE_IDENTIFIER = com.infinitetoken.Drawing;
				PRODUCT_NAME = Drawing;
				SDKROOT = iphoneos;
				SWIFT_VERSION = 5.0;
				TARGETED_DEVICE_FAMILY = "1,2";
				VALIDATE_PRODUCT = YES;
			};
			name = Release;
		};
		4519594524C7F5AA002F79B0 /* Debug */ = {
			isa = XCBuildConfiguration;
			buildSettings = {
				ASSETCATALOG_COMPILER_APPICON_NAME = AppIcon;
				ASSETCATALOG_COMPILER_GLOBAL_ACCENT_COLOR_NAME = AccentColor;
				CODE_SIGN_ENTITLEMENTS = macOS/macOS.entitlements;
				CODE_SIGN_STYLE = Automatic;
				COMBINE_HIDPI_IMAGES = YES;
				DEVELOPMENT_TEAM = 6J8NCZC8G6;
				ENABLE_HARDENED_RUNTIME = YES;
				ENABLE_PREVIEWS = YES;
				INFOPLIST_FILE = macOS/Info.plist;
				LD_RUNPATH_SEARCH_PATHS = (
					"$(inherited)",
					"@executable_path/../Frameworks",
				);
				MACOSX_DEPLOYMENT_TARGET = 10.16;
				MARKETING_VERSION = 1.0.0;
				PRODUCT_BUNDLE_IDENTIFIER = com.infinitetoken.Drawing;
				PRODUCT_NAME = Drawing;
				SDKROOT = macosx;
				SWIFT_VERSION = 5.0;
			};
			name = Debug;
		};
		4519594624C7F5AA002F79B0 /* Release */ = {
			isa = XCBuildConfiguration;
			buildSettings = {
				ASSETCATALOG_COMPILER_APPICON_NAME = AppIcon;
				ASSETCATALOG_COMPILER_GLOBAL_ACCENT_COLOR_NAME = AccentColor;
				CODE_SIGN_ENTITLEMENTS = macOS/macOS.entitlements;
				CODE_SIGN_STYLE = Automatic;
				COMBINE_HIDPI_IMAGES = YES;
				DEVELOPMENT_TEAM = 6J8NCZC8G6;
				ENABLE_HARDENED_RUNTIME = YES;
				ENABLE_PREVIEWS = YES;
				INFOPLIST_FILE = macOS/Info.plist;
				LD_RUNPATH_SEARCH_PATHS = (
					"$(inherited)",
					"@executable_path/../Frameworks",
				);
				MACOSX_DEPLOYMENT_TARGET = 10.16;
				MARKETING_VERSION = 1.0.0;
				PRODUCT_BUNDLE_IDENTIFIER = com.infinitetoken.Drawing;
				PRODUCT_NAME = Drawing;
				SDKROOT = macosx;
				SWIFT_VERSION = 5.0;
			};
			name = Release;
		};
/* End XCBuildConfiguration section */

/* Begin XCConfigurationList section */
		4519592424C7F5A9002F79B0 /* Build configuration list for PBXProject "Drawing" */ = {
			isa = XCConfigurationList;
			buildConfigurations = (
				4519593F24C7F5AA002F79B0 /* Debug */,
				4519594024C7F5AA002F79B0 /* Release */,
			);
			defaultConfigurationIsVisible = 0;
			defaultConfigurationName = Release;
		};
		4519594124C7F5AA002F79B0 /* Build configuration list for PBXNativeTarget "Drawing (iOS)" */ = {
			isa = XCConfigurationList;
			buildConfigurations = (
				4519594224C7F5AA002F79B0 /* Debug */,
				4519594324C7F5AA002F79B0 /* Release */,
			);
			defaultConfigurationIsVisible = 0;
			defaultConfigurationName = Release;
		};
		4519594424C7F5AA002F79B0 /* Build configuration list for PBXNativeTarget "Drawing (macOS)" */ = {
			isa = XCConfigurationList;
			buildConfigurations = (
				4519594524C7F5AA002F79B0 /* Debug */,
				4519594624C7F5AA002F79B0 /* Release */,
			);
			defaultConfigurationIsVisible = 0;
			defaultConfigurationName = Release;
		};
/* End XCConfigurationList section */
	};
	rootObject = 4519592124C7F5A9002F79B0 /* Project object */;
}
